// !$*UTF8*$!
{
	archiveVersion = 1;
	classes = {
	};
	objectVersion = 56;
	objects = {

/* Begin PBXBuildFile section */
		9504371E29F6848900F7241B /* Login.storyboard in Resources */ = {isa = PBXBuildFile; fileRef = 9504371D29F6848900F7241B /* Login.storyboard */; };
		9504372129F6884000F7241B /* MainContext.swift in Sources */ = {isa = PBXBuildFile; fileRef = 9504372029F6884000F7241B /* MainContext.swift */; };
		9504372329F68EDC00F7241B /* UserDefaultsRepository.swift in Sources */ = {isa = PBXBuildFile; fileRef = 9504372229F68EDC00F7241B /* UserDefaultsRepository.swift */; };
		9569962129BF30A800D57A89 /* AppDelegate.swift in Sources */ = {isa = PBXBuildFile; fileRef = 9569962029BF30A800D57A89 /* AppDelegate.swift */; };
		9569962529BF30A800D57A89 /* ViewController.swift in Sources */ = {isa = PBXBuildFile; fileRef = 9569962429BF30A800D57A89 /* ViewController.swift */; };
		9569962829BF30A800D57A89 /* Main.storyboard in Resources */ = {isa = PBXBuildFile; fileRef = 9569962629BF30A800D57A89 /* Main.storyboard */; };
		9569962A29BF30AD00D57A89 /* Assets.xcassets in Resources */ = {isa = PBXBuildFile; fileRef = 9569962929BF30AD00D57A89 /* Assets.xcassets */; };
		9569962D29BF30AD00D57A89 /* LaunchScreen.storyboard in Resources */ = {isa = PBXBuildFile; fileRef = 9569962B29BF30AD00D57A89 /* LaunchScreen.storyboard */; };
		9569963529BF39AC00D57A89 /* DetailsViewController.swift in Sources */ = {isa = PBXBuildFile; fileRef = 9569963429BF39AC00D57A89 /* DetailsViewController.swift */; };
		95A4AA8129C8795B00AA2166 /* CustomTableViewCell.swift in Sources */ = {isa = PBXBuildFile; fileRef = 95A4AA8029C8795B00AA2166 /* CustomTableViewCell.swift */; };
		95AD4D9D29E415BC00E653F0 /* Drink.swift in Sources */ = {isa = PBXBuildFile; fileRef = 95AD4D9C29E415BC00E653F0 /* Drink.swift */; };
/* End PBXBuildFile section */

/* Begin PBXFileReference section */
		9504371D29F6848900F7241B /* Login.storyboard */ = {isa = PBXFileReference; lastKnownFileType = file.storyboard; path = Login.storyboard; sourceTree = "<group>"; };
		9504372029F6884000F7241B /* MainContext.swift */ = {isa = PBXFileReference; lastKnownFileType = sourcecode.swift; path = MainContext.swift; sourceTree = "<group>"; };
		9504372229F68EDC00F7241B /* UserDefaultsRepository.swift */ = {isa = PBXFileReference; lastKnownFileType = sourcecode.swift; path = UserDefaultsRepository.swift; sourceTree = "<group>"; };
		9569961D29BF30A800D57A89 /* DrinksApp.app */ = {isa = PBXFileReference; explicitFileType = wrapper.application; includeInIndex = 0; path = DrinksApp.app; sourceTree = BUILT_PRODUCTS_DIR; };
		9569962029BF30A800D57A89 /* AppDelegate.swift */ = {isa = PBXFileReference; lastKnownFileType = sourcecode.swift; path = AppDelegate.swift; sourceTree = "<group>"; };
		9569962429BF30A800D57A89 /* ViewController.swift */ = {isa = PBXFileReference; lastKnownFileType = sourcecode.swift; path = ViewController.swift; sourceTree = "<group>"; };
		9569962729BF30A800D57A89 /* Base */ = {isa = PBXFileReference; lastKnownFileType = file.storyboard; name = Base; path = Base.lproj/Main.storyboard; sourceTree = "<group>"; };
		9569962929BF30AD00D57A89 /* Assets.xcassets */ = {isa = PBXFileReference; lastKnownFileType = folder.assetcatalog; path = Assets.xcassets; sourceTree = "<group>"; };
		9569962C29BF30AD00D57A89 /* Base */ = {isa = PBXFileReference; lastKnownFileType = file.storyboard; name = Base; path = Base.lproj/LaunchScreen.storyboard; sourceTree = "<group>"; };
		9569962E29BF30AD00D57A89 /* Info.plist */ = {isa = PBXFileReference; lastKnownFileType = text.plist.xml; path = Info.plist; sourceTree = "<group>"; };
		9569963429BF39AC00D57A89 /* DetailsViewController.swift */ = {isa = PBXFileReference; lastKnownFileType = sourcecode.swift; path = DetailsViewController.swift; sourceTree = "<group>"; };
		95A4AA8029C8795B00AA2166 /* CustomTableViewCell.swift */ = {isa = PBXFileReference; lastKnownFileType = sourcecode.swift; path = CustomTableViewCell.swift; sourceTree = "<group>"; };
		95AD4D9C29E415BC00E653F0 /* Drink.swift */ = {isa = PBXFileReference; lastKnownFileType = sourcecode.swift; path = Drink.swift; sourceTree = "<group>"; };
/* End PBXFileReference section */

/* Begin PBXFrameworksBuildPhase section */
		9569961A29BF30A800D57A89 /* Frameworks */ = {
			isa = PBXFrameworksBuildPhase;
			buildActionMask = 2147483647;
			files = (
			);
			runOnlyForDeploymentPostprocessing = 0;
		};
/* End PBXFrameworksBuildPhase section */

/* Begin PBXGroup section */
		9504371F29F6881200F7241B /* util */ = {
			isa = PBXGroup;
			children = (
				9504372029F6884000F7241B /* MainContext.swift */,
				9504372229F68EDC00F7241B /* UserDefaultsRepository.swift */,
			);
			path = util;
			sourceTree = "<group>";
		};
		9569961429BF30A800D57A89 = {
			isa = PBXGroup;
			children = (
				9569961F29BF30A800D57A89 /* DrinksApp */,
				9569961E29BF30A800D57A89 /* Products */,
			);
			sourceTree = "<group>";
		};
		9569961E29BF30A800D57A89 /* Products */ = {
			isa = PBXGroup;
			children = (
				9569961D29BF30A800D57A89 /* DrinksApp.app */,
			);
			name = Products;
			sourceTree = "<group>";
		};
		9569961F29BF30A800D57A89 /* DrinksApp */ = {
			isa = PBXGroup;
			children = (
				9569962029BF30A800D57A89 /* AppDelegate.swift */,
				95AD4D9B29E4159F00E653F0 /* models */,
				95AD4D9E29E41B1800E653F0 /* viewControllers */,
				95AD4DA029E41B4F00E653F0 /* storyboards */,
				95AD4D9F29E41B2A00E653F0 /* resources */,
				9504371F29F6881200F7241B /* util */,
			);
			path = DrinksApp;
			sourceTree = "<group>";
		};
		95AD4D9B29E4159F00E653F0 /* models */ = {
			isa = PBXGroup;
			children = (
				95AD4D9C29E415BC00E653F0 /* Drink.swift */,
			);
			path = models;
			sourceTree = "<group>";
		};
		95AD4D9E29E41B1800E653F0 /* viewControllers */ = {
			isa = PBXGroup;
			children = (
				95AD4DA129E41B6200E653F0 /* views */,
				9569962429BF30A800D57A89 /* ViewController.swift */,
				9569963429BF39AC00D57A89 /* DetailsViewController.swift */,
			);
			path = viewControllers;
			sourceTree = "<group>";
		};
		95AD4D9F29E41B2A00E653F0 /* resources */ = {
			isa = PBXGroup;
			children = (
				9569962929BF30AD00D57A89 /* Assets.xcassets */,
				9569962E29BF30AD00D57A89 /* Info.plist */,
			);
			path = resources;
			sourceTree = "<group>";
		};
		95AD4DA029E41B4F00E653F0 /* storyboards */ = {
			isa = PBXGroup;
			children = (
				9569962B29BF30AD00D57A89 /* LaunchScreen.storyboard */,
				9569962629BF30A800D57A89 /* Main.storyboard */,
				9504371D29F6848900F7241B /* Login.storyboard */,
			);
			path = storyboards;
			sourceTree = "<group>";
		};
		95AD4DA129E41B6200E653F0 /* views */ = {
			isa = PBXGroup;
			children = (
				95A4AA8029C8795B00AA2166 /* CustomTableViewCell.swift */,
			);
			path = views;
			sourceTree = "<group>";
		};
/* End PBXGroup section */

/* Begin PBXNativeTarget section */
		9569961C29BF30A800D57A89 /* DrinksApp */ = {
			isa = PBXNativeTarget;
			buildConfigurationList = 9569963129BF30AD00D57A89 /* Build configuration list for PBXNativeTarget "DrinksApp" */;
			buildPhases = (
				9569961929BF30A800D57A89 /* Sources */,
				9569961A29BF30A800D57A89 /* Frameworks */,
				9569961B29BF30A800D57A89 /* Resources */,
			);
			buildRules = (
			);
			dependencies = (
			);
			name = DrinksApp;
			productName = DrinksApp;
			productReference = 9569961D29BF30A800D57A89 /* DrinksApp.app */;
			productType = "com.apple.product-type.application";
		};
/* End PBXNativeTarget section */

/* Begin PBXProject section */
		9569961529BF30A800D57A89 /* Project object */ = {
			isa = PBXProject;
			attributes = {
				BuildIndependentTargetsInParallel = 1;
				LastSwiftUpdateCheck = 1420;
				LastUpgradeCheck = 1420;
				TargetAttributes = {
					9569961C29BF30A800D57A89 = {
						CreatedOnToolsVersion = 14.2;
					};
				};
			};
			buildConfigurationList = 9569961829BF30A800D57A89 /* Build configuration list for PBXProject "DrinksApp" */;
			compatibilityVersion = "Xcode 14.0";
			developmentRegion = en;
			hasScannedForEncodings = 0;
			knownRegions = (
				en,
				Base,
			);
			mainGroup = 9569961429BF30A800D57A89;
			productRefGroup = 9569961E29BF30A800D57A89 /* Products */;
			projectDirPath = "";
			projectRoot = "";
			targets = (
				9569961C29BF30A800D57A89 /* DrinksApp */,
			);
		};
/* End PBXProject section */

/* Begin PBXResourcesBuildPhase section */
		9569961B29BF30A800D57A89 /* Resources */ = {
			isa = PBXResourcesBuildPhase;
			buildActionMask = 2147483647;
			files = (
				9504371E29F6848900F7241B /* Login.storyboard in Resources */,
				9569962D29BF30AD00D57A89 /* LaunchScreen.storyboard in Resources */,
				9569962A29BF30AD00D57A89 /* Assets.xcassets in Resources */,
				9569962829BF30A800D57A89 /* Main.storyboard in Resources */,
			);
			runOnlyForDeploymentPostprocessing = 0;
		};
/* End PBXResourcesBuildPhase section */

/* Begin PBXSourcesBuildPhase section */
		9569961929BF30A800D57A89 /* Sources */ = {
			isa = PBXSourcesBuildPhase;
			buildActionMask = 2147483647;
			files = (
				9569962529BF30A800D57A89 /* ViewController.swift in Sources */,
				95A4AA8129C8795B00AA2166 /* CustomTableViewCell.swift in Sources */,
				9569962129BF30A800D57A89 /* AppDelegate.swift in Sources */,
				95AD4D9D29E415BC00E653F0 /* Drink.swift in Sources */,
				9504372329F68EDC00F7241B /* UserDefaultsRepository.swift in Sources */,
				9504372129F6884000F7241B /* MainContext.swift in Sources */,
				9569963529BF39AC00D57A89 /* DetailsViewController.swift in Sources */,
			);
			runOnlyForDeploymentPostprocessing = 0;
		};
/* End PBXSourcesBuildPhase section */

/* Begin PBXVariantGroup section */
		9569962629BF30A800D57A89 /* Main.storyboard */ = {
			isa = PBXVariantGroup;
			children = (
				9569962729BF30A800D57A89 /* Base */,
			);
			name = Main.storyboard;
			sourceTree = "<group>";
		};
		9569962B29BF30AD00D57A89 /* LaunchScreen.storyboard */ = {
			isa = PBXVariantGroup;
			children = (
				9569962C29BF30AD00D57A89 /* Base */,
			);
			name = LaunchScreen.storyboard;
			sourceTree = "<group>";
		};
/* End PBXVariantGroup section */

/* Begin XCBuildConfiguration section */
		9569962F29BF30AD00D57A89 /* Debug */ = {
			isa = XCBuildConfiguration;
			buildSettings = {
				ALWAYS_SEARCH_USER_PATHS = NO;
				CLANG_ANALYZER_NONNULL = YES;
				CLANG_ANALYZER_NUMBER_OBJECT_CONVERSION = YES_AGGRESSIVE;
				CLANG_CXX_LANGUAGE_STANDARD = "gnu++20";
				CLANG_ENABLE_MODULES = YES;
				CLANG_ENABLE_OBJC_ARC = YES;
				CLANG_ENABLE_OBJC_WEAK = YES;
				CLANG_WARN_BLOCK_CAPTURE_AUTORELEASING = YES;
				CLANG_WARN_BOOL_CONVERSION = YES;
				CLANG_WARN_COMMA = YES;
				CLANG_WARN_CONSTANT_CONVERSION = YES;
				CLANG_WARN_DEPRECATED_OBJC_IMPLEMENTATIONS = YES;
				CLANG_WARN_DIRECT_OBJC_ISA_USAGE = YES_ERROR;
				CLANG_WARN_DOCUMENTATION_COMMENTS = YES;
				CLANG_WARN_EMPTY_BODY = YES;
				CLANG_WARN_ENUM_CONVERSION = YES;
				CLANG_WARN_INFINITE_RECURSION = YES;
				CLANG_WARN_INT_CONVERSION = YES;
				CLANG_WARN_NON_LITERAL_NULL_CONVERSION = YES;
				CLANG_WARN_OBJC_IMPLICIT_RETAIN_SELF = YES;
				CLANG_WARN_OBJC_LITERAL_CONVERSION = YES;
				CLANG_WARN_OBJC_ROOT_CLASS = YES_ERROR;
				CLANG_WARN_QUOTED_INCLUDE_IN_FRAMEWORK_HEADER = YES;
				CLANG_WARN_RANGE_LOOP_ANALYSIS = YES;
				CLANG_WARN_STRICT_PROTOTYPES = YES;
				CLANG_WARN_SUSPICIOUS_MOVE = YES;
				CLANG_WARN_UNGUARDED_AVAILABILITY = YES_AGGRESSIVE;
				CLANG_WARN_UNREACHABLE_CODE = YES;
				CLANG_WARN__DUPLICATE_METHOD_MATCH = YES;
				COPY_PHASE_STRIP = NO;
				DEBUG_INFORMATION_FORMAT = dwarf;
				ENABLE_STRICT_OBJC_MSGSEND = YES;
				ENABLE_TESTABILITY = YES;
				GCC_C_LANGUAGE_STANDARD = gnu11;
				GCC_DYNAMIC_NO_PIC = NO;
				GCC_NO_COMMON_BLOCKS = YES;
				GCC_OPTIMIZATION_LEVEL = 0;
				GCC_PREPROCESSOR_DEFINITIONS = (
					"DEBUG=1",
					"$(inherited)",
				);
				GCC_WARN_64_TO_32_BIT_CONVERSION = YES;
				GCC_WARN_ABOUT_RETURN_TYPE = YES_ERROR;
				GCC_WARN_UNDECLARED_SELECTOR = YES;
				GCC_WARN_UNINITIALIZED_AUTOS = YES_AGGRESSIVE;
				GCC_WARN_UNUSED_FUNCTION = YES;
				GCC_WARN_UNUSED_VARIABLE = YES;
				IPHONEOS_DEPLOYMENT_TARGET = 16.2;
				MTL_ENABLE_DEBUG_INFO = INCLUDE_SOURCE;
				MTL_FAST_MATH = YES;
				ONLY_ACTIVE_ARCH = YES;
				SDKROOT = iphoneos;
				SWIFT_ACTIVE_COMPILATION_CONDITIONS = DEBUG;
				SWIFT_OPTIMIZATION_LEVEL = "-Onone";
			};
			name = Debug;
		};
		9569963029BF30AD00D57A89 /* Release */ = {
			isa = XCBuildConfiguration;
			buildSettings = {
				ALWAYS_SEARCH_USER_PATHS = NO;
				CLANG_ANALYZER_NONNULL = YES;
				CLANG_ANALYZER_NUMBER_OBJECT_CONVERSION = YES_AGGRESSIVE;
				CLANG_CXX_LANGUAGE_STANDARD = "gnu++20";
				CLANG_ENABLE_MODULES = YES;
				CLANG_ENABLE_OBJC_ARC = YES;
				CLANG_ENABLE_OBJC_WEAK = YES;
				CLANG_WARN_BLOCK_CAPTURE_AUTORELEASING = YES;
				CLANG_WARN_BOOL_CONVERSION = YES;
				CLANG_WARN_COMMA = YES;
				CLANG_WARN_CONSTANT_CONVERSION = YES;
				CLANG_WARN_DEPRECATED_OBJC_IMPLEMENTATIONS = YES;
				CLANG_WARN_DIRECT_OBJC_ISA_USAGE = YES_ERROR;
				CLANG_WARN_DOCUMENTATION_COMMENTS = YES;
				CLANG_WARN_EMPTY_BODY = YES;
				CLANG_WARN_ENUM_CONVERSION = YES;
				CLANG_WARN_INFINITE_RECURSION = YES;
				CLANG_WARN_INT_CONVERSION = YES;
				CLANG_WARN_NON_LITERAL_NULL_CONVERSION = YES;
				CLANG_WARN_OBJC_IMPLICIT_RETAIN_SELF = YES;
				CLANG_WARN_OBJC_LITERAL_CONVERSION = YES;
				CLANG_WARN_OBJC_ROOT_CLASS = YES_ERROR;
				CLANG_WARN_QUOTED_INCLUDE_IN_FRAMEWORK_HEADER = YES;
				CLANG_WARN_RANGE_LOOP_ANALYSIS = YES;
				CLANG_WARN_STRICT_PROTOTYPES = YES;
				CLANG_WARN_SUSPICIOUS_MOVE = YES;
				CLANG_WARN_UNGUARDED_AVAILABILITY = YES_AGGRESSIVE;
				CLANG_WARN_UNREACHABLE_CODE = YES;
				CLANG_WARN__DUPLICATE_METHOD_MATCH = YES;
				COPY_PHASE_STRIP = NO;
				DEBUG_INFORMATION_FORMAT = "dwarf-with-dsym";
				ENABLE_NS_ASSERTIONS = NO;
				ENABLE_STRICT_OBJC_MSGSEND = YES;
				GCC_C_LANGUAGE_STANDARD = gnu11;
				GCC_NO_COMMON_BLOCKS = YES;
				GCC_WARN_64_TO_32_BIT_CONVERSION = YES;
				GCC_WARN_ABOUT_RETURN_TYPE = YES_ERROR;
				GCC_WARN_UNDECLARED_SELECTOR = YES;
				GCC_WARN_UNINITIALIZED_AUTOS = YES_AGGRESSIVE;
				GCC_WARN_UNUSED_FUNCTION = YES;
				GCC_WARN_UNUSED_VARIABLE = YES;
				IPHONEOS_DEPLOYMENT_TARGET = 16.2;
				MTL_ENABLE_DEBUG_INFO = NO;
				MTL_FAST_MATH = YES;
				SDKROOT = iphoneos;
				SWIFT_COMPILATION_MODE = wholemodule;
				SWIFT_OPTIMIZATION_LEVEL = "-O";
				VALIDATE_PRODUCT = YES;
			};
			name = Release;
		};
		9569963229BF30AD00D57A89 /* Debug */ = {
			isa = XCBuildConfiguration;
			buildSettings = {
				ASSETCATALOG_COMPILER_APPICON_NAME = AppIcon;
				ASSETCATALOG_COMPILER_GLOBAL_ACCENT_COLOR_NAME = AccentColor;
				CODE_SIGN_STYLE = Automatic;
				CURRENT_PROJECT_VERSION = 1;
				DEVELOPMENT_TEAM = 4GQZSQ6QRB;
				GENERATE_INFOPLIST_FILE = YES;
				INFOPLIST_FILE = DrinksApp/resources/Info.plist;
				INFOPLIST_KEY_UIApplicationSupportsIndirectInputEvents = YES;
				INFOPLIST_KEY_UILaunchStoryboardName = LaunchScreen;
				INFOPLIST_KEY_UIMainStoryboardFile = Main;
				INFOPLIST_KEY_UISupportedInterfaceOrientations_iPad = "UIInterfaceOrientationPortrait UIInterfaceOrientationPortraitUpsideDown UIInterfaceOrientationLandscapeLeft UIInterfaceOrientationLandscapeRight";
				INFOPLIST_KEY_UISupportedInterfaceOrientations_iPhone = "UIInterfaceOrientationPortrait UIInterfaceOrientationLandscapeLeft UIInterfaceOrientationLandscapeRight";
				LD_RUNPATH_SEARCH_PATHS = (
					"$(inherited)",
					"@executable_path/Frameworks",
				);
				MARKETING_VERSION = 1.0;
				PRODUCT_BUNDLE_IDENTIFIER = com.example.fikt.DrinksApp;
				PRODUCT_NAME = "$(TARGET_NAME)";
				SWIFT_EMIT_LOC_STRINGS = YES;
				SWIFT_VERSION = 5.0;
				TARGETED_DEVICE_FAMILY = "1,2";
			};
			name = Debug;
		};
		9569963329BF30AD00D57A89 /* Release */ = {
			isa = XCBuildConfiguration;
			buildSettings = {
				ASSETCATALOG_COMPILER_APPICON_NAME = AppIcon;
				ASSETCATALOG_COMPILER_GLOBAL_ACCENT_COLOR_NAME = AccentColor;
				CODE_SIGN_STYLE = Automatic;
				CURRENT_PROJECT_VERSION = 1;
				DEVELOPMENT_TEAM = 4GQZSQ6QRB;
				GENERATE_INFOPLIST_FILE = YES;
				INFOPLIST_FILE = DrinksApp/resources/Info.plist;
				INFOPLIST_KEY_UIApplicationSupportsIndirectInputEvents = YES;
				INFOPLIST_KEY_UILaunchStoryboardName = LaunchScreen;
				INFOPLIST_KEY_UIMainStoryboardFile = Main;
				INFOPLIST_KEY_UISupportedInterfaceOrientations_iPad = "UIInterfaceOrientationPortrait UIInterfaceOrientationPortraitUpsideDown UIInterfaceOrientationLandscapeLeft UIInterfaceOrientationLandscapeRight";
				INFOPLIST_KEY_UISupportedInterfaceOrientations_iPhone = "UIInterfaceOrientationPortrait UIInterfaceOrientationLandscapeLeft UIInterfaceOrientationLandscapeRight";
				LD_RUNPATH_SEARCH_PATHS = (
					"$(inherited)",
					"@executable_path/Frameworks",
				);
				MARKETING_VERSION = 1.0;
				PRODUCT_BUNDLE_IDENTIFIER = com.example.fikt.DrinksApp;
				PRODUCT_NAME = "$(TARGET_NAME)";
				SWIFT_EMIT_LOC_STRINGS = YES;
				SWIFT_VERSION = 5.0;
				TARGETED_DEVICE_FAMILY = "1,2";
			};
			name = Release;
		};
/* End XCBuildConfiguration section */

/* Begin XCConfigurationList section */
		9569961829BF30A800D57A89 /* Build configuration list for PBXProject "DrinksApp" */ = {
			isa = XCConfigurationList;
			buildConfigurations = (
				9569962F29BF30AD00D57A89 /* Debug */,
				9569963029BF30AD00D57A89 /* Release */,
			);
			defaultConfigurationIsVisible = 0;
			defaultConfigurationName = Release;
		};
		9569963129BF30AD00D57A89 /* Build configuration list for PBXNativeTarget "DrinksApp" */ = {
			isa = XCConfigurationList;
			buildConfigurations = (
				9569963229BF30AD00D57A89 /* Debug */,
				9569963329BF30AD00D57A89 /* Release */,
			);
			defaultConfigurationIsVisible = 0;
			defaultConfigurationName = Release;
		};
/* End XCConfigurationList section */
	};
	rootObject = 9569961529BF30A800D57A89 /* Project object */;
}
